
Microsoft Visual Studio Solution File, Format Version 12.00
# Visual Studio 15
VisualStudioVersion = 15.0.28307.271
MinimumVisualStudioVersion = 10.0.40219.1
Project("{FAE04EC0-301F-11D3-BF4B-00C04F79EFBC}") = "TxtToXMLConverter", "TxtToXMLConverter\TxtToXMLConverter.csproj", "{36BC7D7D-484E-4984-9B0B-40CB352FB945}"
EndProject
Global
	GlobalSection(SolutionConfigurationPlatforms) = preSolution
		Debug|Any CPU = Debug|Any CPU
		Release|Any CPU = Release|Any CPU
	EndGlobalSection
	GlobalSection(ProjectConfigurationPlatforms) = postSolution
		{36BC7D7D-484E-4984-9B0B-40CB352FB945}.Debug|Any CPU.ActiveCfg = Debug|Any CPU
		{36BC7D7D-484E-4984-9B0B-40CB352FB945}.Debug|Any CPU.Build.0 = Debug|Any CPU
		{36BC7D7D-484E-4984-9B0B-40CB352FB945}.Release|Any CPU.ActiveCfg = Release|Any CPU
		{36BC7D7D-484E-4984-9B0B-40CB352FB945}.Release|Any CPU.Build.0 = Release|Any CPU
	EndGlobalSection
	GlobalSection(SolutionProperties) = preSolution
		HideSolutionNode = FALSE
	EndGlobalSection
	GlobalSection(ExtensibilityGlobals) = postSolution
		SolutionGuid = {41D8644B-8D38-4F0F-9FB3-4FF1284A0728}
	EndGlobalSection
EndGlobal
